
Microsoft Visual Studio Solution File, Format Version 12.00
# Visual Studio Version 17
VisualStudioVersion = 17.0.31903.59
MinimumVisualStudioVersion = 10.0.40219.1
Project("{FAE04EC0-301F-11D3-BF4B-00C04F79EFBC}") = "AdventOfCode2024", "AdventOfCode2024\AdventOfCode2024.csproj", "{078D0456-185F-41AA-B4FF-4D3441B3DBFE}"
EndProject
Project("{FAE04EC0-301F-11D3-BF4B-00C04F79EFBC}") = "AdventOfCode2024.Test", "AdventOfCode2024.Test\AdventOfCode2024.Test.csproj", "{66323A40-C123-47DA-8C51-0748EF8D8457}"
EndProject
Global
	GlobalSection(SolutionConfigurationPlatforms) = preSolution
		Debug|Any CPU = Debug|Any CPU
		Release|Any CPU = Release|Any CPU
	EndGlobalSection
	GlobalSection(SolutionProperties) = preSolution
		HideSolutionNode = FALSE
	EndGlobalSection
	GlobalSection(ProjectConfigurationPlatforms) = postSolution
		{078D0456-185F-41AA-B4FF-4D3441B3DBFE}.Debug|Any CPU.ActiveCfg = Debug|Any CPU
		{078D0456-185F-41AA-B4FF-4D3441B3DBFE}.Debug|Any CPU.Build.0 = Debug|Any CPU
		{078D0456-185F-41AA-B4FF-4D3441B3DBFE}.Release|Any CPU.ActiveCfg = Release|Any CPU
		{078D0456-185F-41AA-B4FF-4D3441B3DBFE}.Release|Any CPU.Build.0 = Release|Any CPU
		{66323A40-C123-47DA-8C51-0748EF8D8457}.Debug|Any CPU.ActiveCfg = Debug|Any CPU
		{66323A40-C123-47DA-8C51-0748EF8D8457}.Debug|Any CPU.Build.0 = Debug|Any CPU
		{66323A40-C123-47DA-8C51-0748EF8D8457}.Release|Any CPU.ActiveCfg = Release|Any CPU
		{66323A40-C123-47DA-8C51-0748EF8D8457}.Release|Any CPU.Build.0 = Release|Any CPU
	EndGlobalSection
EndGlobal
